
Microsoft Visual Studio Solution File, Format Version 12.00
# Visual Studio Version 16
VisualStudioVersion = 16.0.30907.101
MinimumVisualStudioVersion = 10.0.40219.1
Project("{9A19103F-16F7-4668-BE54-9A1E7A4F7556}") = "Backend", "src\Backend\Backend.csproj", "{B116DC51-1069-4FD1-B9AD-E76B8B90C185}"
EndProject
Project("{9A19103F-16F7-4668-BE54-9A1E7A4F7556}") = "KonferansDTO", "src\KonferansDTO\KonferansDTO.csproj", "{C0CC70F2-C3D6-4902-B6BD-C1079B1E10E1}"
EndProject
Project("{9A19103F-16F7-4668-BE54-9A1E7A4F7556}") = "Frontend", "src\Frontend\Frontend.csproj", "{B82938DD-4B4A-433F-9919-F2BED83EDE8C}"
EndProject
Global
	GlobalSection(SolutionConfigurationPlatforms) = preSolution
		Debug|Any CPU = Debug|Any CPU
		Release|Any CPU = Release|Any CPU
	EndGlobalSection
	GlobalSection(ProjectConfigurationPlatforms) = postSolution
		{B116DC51-1069-4FD1-B9AD-E76B8B90C185}.Debug|Any CPU.ActiveCfg = Debug|Any CPU
		{B116DC51-1069-4FD1-B9AD-E76B8B90C185}.Debug|Any CPU.Build.0 = Debug|Any CPU
		{B116DC51-1069-4FD1-B9AD-E76B8B90C185}.Release|Any CPU.ActiveCfg = Release|Any CPU
		{B116DC51-1069-4FD1-B9AD-E76B8B90C185}.Release|Any CPU.Build.0 = Release|Any CPU
		{C0CC70F2-C3D6-4902-B6BD-C1079B1E10E1}.Debug|Any CPU.ActiveCfg = Debug|Any CPU
		{C0CC70F2-C3D6-4902-B6BD-C1079B1E10E1}.Debug|Any CPU.Build.0 = Debug|Any CPU
		{C0CC70F2-C3D6-4902-B6BD-C1079B1E10E1}.Release|Any CPU.ActiveCfg = Release|Any CPU
		{C0CC70F2-C3D6-4902-B6BD-C1079B1E10E1}.Release|Any CPU.Build.0 = Release|Any CPU
		{B82938DD-4B4A-433F-9919-F2BED83EDE8C}.Debug|Any CPU.ActiveCfg = Debug|Any CPU
		{B82938DD-4B4A-433F-9919-F2BED83EDE8C}.Debug|Any CPU.Build.0 = Debug|Any CPU
		{B82938DD-4B4A-433F-9919-F2BED83EDE8C}.Release|Any CPU.ActiveCfg = Release|Any CPU
		{B82938DD-4B4A-433F-9919-F2BED83EDE8C}.Release|Any CPU.Build.0 = Release|Any CPU
	EndGlobalSection
	GlobalSection(SolutionProperties) = preSolution
		HideSolutionNode = FALSE
	EndGlobalSection
	GlobalSection(ExtensibilityGlobals) = postSolution
		SolutionGuid = {01E26A6F-0742-490B-B829-3045BD2F6307}
	EndGlobalSection
EndGlobal
